
Microsoft Visual Studio Solution File, Format Version 12.00
# Visual Studio Version 17
VisualStudioVersion = 17.3.32922.545
MinimumVisualStudioVersion = 10.0.40219.1
Project("{F184B08F-C81C-45F6-A57F-5ABD9991F28F}") = "HelloWorld", "HelloWorld\HelloWorld.vbproj", "{0EDCA288-CEA5-4255-B097-A29E59730B25}"
EndProject
Global
	GlobalSection(SolutionConfigurationPlatforms) = preSolution
		Debug|Any CPU = Debug|Any CPU
		Release|Any CPU = Release|Any CPU
	EndGlobalSection
	GlobalSection(ProjectConfigurationPlatforms) = postSolution
		{0EDCA288-CEA5-4255-B097-A29E59730B25}.Debug|Any CPU.ActiveCfg = Debug|Any CPU
		{0EDCA288-CEA5-4255-B097-A29E59730B25}.Debug|Any CPU.Build.0 = Debug|Any CPU
		{0EDCA288-CEA5-4255-B097-A29E59730B25}.Release|Any CPU.ActiveCfg = Release|Any CPU
		{0EDCA288-CEA5-4255-B097-A29E59730B25}.Release|Any CPU.Build.0 = Release|Any CPU
	EndGlobalSection
	GlobalSection(SolutionProperties) = preSolution
		HideSolutionNode = FALSE
	EndGlobalSection
	GlobalSection(ExtensibilityGlobals) = postSolution
		SolutionGuid = {0FE637A6-39BE-4772-9C60-61DEEBC22800}
	EndGlobalSection
EndGlobal
